{
	"name": "@adraffy/ens-normalize",
	"version": "1.10.1",
	"lockfileVersion": 3,
	"requires": true,
	"packages": {
		"": {
			"name": "@adraffy/ens-normalize",
			"version": "1.10.1",
			"license": "MIT",
			"dependencies": {
				"@ethersproject/hdnode": "^5.7.0",
				"dotenv": "^16.4.5",
				"ethers": "^6.13.4"
			},
			"devDependencies": {
				"@rollup/plugin-alias": "^5.0.0",
				"@rollup/plugin-terser": "^0.4.0",
				"rollup": "^3.24.1"
			}
		},
		"node_modules/@adraffy/ens-normalize": {
			"version": "1.10.1",
			"resolved": "https://registry.npmjs.org/@adraffy/ens-normalize/-/ens-normalize-1.10.1.tgz",
			"integrity": "sha512-96Z2IP3mYmF1Xg2cDm8f1gWGf/HUVedQ3FMifV4kG/PQ4yEP51xDtRAEfhVNt5f/uzpNkZHwWQuUcu6D6K+Ekw=="
		},
		"node_modules/@ethersproject/abstract-provider": {
			"version": "5.7.0",
			"resolved": "https://registry.npmjs.org/@ethersproject/abstract-provider/-/abstract-provider-5.7.0.tgz",
			"integrity": "sha512-R41c9UkchKCpAqStMYUpdunjo3pkEvZC3FAwZn5S5MGbXoMQOHIdHItezTETxAO5bevtMApSyEhn9+CHcDsWBw==",
			"funding": [
				{
					"type": "individual",
					"url": "https://gitcoin.co/grants/13/ethersjs-complete-simple-and-tiny-2"
				},
				{
					"type": "individual",
					"url": "https://www.buymeacoffee.com/ricmoo"
				}
			],
			"dependencies": {
				"@ethersproject/bignumber": "^5.7.0",
				"@ethersproject/bytes": "^5.7.0",
				"@ethersproject/logger": "^5.7.0",
				"@ethersproject/networks": "^5.7.0",
				"@ethersproject/properties": "^5.7.0",
				"@ethersproject/transactions": "^5.7.0",
				"@ethersproject/web": "^5.7.0"
			}
		},
		"node_modules/@ethersproject/abstract-signer": {
			"version": "5.7.0",
			"resolved": "https://registry.npmjs.org/@ethersproject/abstract-signer/-/abstract-signer-5.7.0.tgz",
			"integrity": "sha512-a16V8bq1/Cz+TGCkE2OPMTOUDLS3grCpdjoJCYNnVBbdYEMSgKrU0+B90s8b6H+ByYTBZN7a3g76jdIJi7UfKQ==",
			"funding": [
				{
					"type": "individual",
					"url": "https://gitcoin.co/grants/13/ethersjs-complete-simple-and-tiny-2"
				},
				{
					"type": "individual",
					"url": "https://www.buymeacoffee.com/ricmoo"
				}
			],
			"dependencies": {
				"@ethersproject/abstract-provider": "^5.7.0",
				"@ethersproject/bignumber": "^5.7.0",
				"@ethersproject/bytes": "^5.7.0",
				"@ethersproject/logger": "^5.7.0",
				"@ethersproject/properties": "^5.7.0"
			}
		},
		"node_modules/@ethersproject/address": {
			"version": "5.7.0",
			"resolved": "https://registry.npmjs.org/@ethersproject/address/-/address-5.7.0.tgz",
			"integrity": "sha512-9wYhYt7aghVGo758POM5nqcOMaE168Q6aRLJZwUmiqSrAungkG74gSSeKEIR7ukixesdRZGPgVqme6vmxs1fkA==",
			"funding": [
				{
					"type": "individual",
					"url": "https://gitcoin.co/grants/13/ethersjs-complete-simple-and-tiny-2"
				},
				{
					"type": "individual",
					"url": "https://www.buymeacoffee.com/ricmoo"
				}
			],
			"dependencies": {
				"@ethersproject/bignumber": "^5.7.0",
				"@ethersproject/bytes": "^5.7.0",
				"@ethersproject/keccak256": "^5.7.0",
				"@ethersproject/logger": "^5.7.0",
				"@ethersproject/rlp": "^5.7.0"
			}
		},
		"node_modules/@ethersproject/base64": {
			"version": "5.7.0",
			"resolved": "https://registry.npmjs.org/@ethersproject/base64/-/base64-5.7.0.tgz",
			"integrity": "sha512-Dr8tcHt2mEbsZr/mwTPIQAf3Ai0Bks/7gTw9dSqk1mQvhW3XvRlmDJr/4n+wg1JmCl16NZue17CDh8xb/vZ0sQ==",
			"funding": [
				{
					"type": "individual",
					"url": "https://gitcoin.co/grants/13/ethersjs-complete-simple-and-tiny-2"
				},
				{
					"type": "individual",
					"url": "https://www.buymeacoffee.com/ricmoo"
				}
			],
			"dependencies": {
				"@ethersproject/bytes": "^5.7.0"
			}
		},
		"node_modules/@ethersproject/basex": {
			"version": "5.7.0",
			"resolved": "https://registry.npmjs.org/@ethersproject/basex/-/basex-5.7.0.tgz",
			"integrity": "sha512-ywlh43GwZLv2Voc2gQVTKBoVQ1mti3d8HK5aMxsfu/nRDnMmNqaSJ3r3n85HBByT8OpoY96SXM1FogC533T4zw==",
			"funding": [
				{
					"type": "individual",
					"url": "https://gitcoin.co/grants/13/ethersjs-complete-simple-and-tiny-2"
				},
				{
					"type": "individual",
					"url": "https://www.buymeacoffee.com/ricmoo"
				}
			],
			"dependencies": {
				"@ethersproject/bytes": "^5.7.0",
				"@ethersproject/properties": "^5.7.0"
			}
		},
		"node_modules/@ethersproject/bignumber": {
			"version": "5.7.0",
			"resolved": "https://registry.npmjs.org/@ethersproject/bignumber/-/bignumber-5.7.0.tgz",
			"integrity": "sha512-n1CAdIHRWjSucQO3MC1zPSVgV/6dy/fjL9pMrPP9peL+QxEg9wOsVqwD4+818B6LUEtaXzVHQiuivzRoxPxUGw==",
			"funding": [
				{
					"type": "individual",
					"url": "https://gitcoin.co/grants/13/ethersjs-complete-simple-and-tiny-2"
				},
				{
					"type": "individual",
					"url": "https://www.buymeacoffee.com/ricmoo"
				}
			],
			"dependencies": {
				"@ethersproject/bytes": "^5.7.0",
				"@ethersproject/logger": "^5.7.0",
				"bn.js": "^5.2.1"
			}
		},
		"node_modules/@ethersproject/bytes": {
			"version": "5.7.0",
			"resolved": "https://registry.npmjs.org/@ethersproject/bytes/-/bytes-5.7.0.tgz",
			"integrity": "sha512-nsbxwgFXWh9NyYWo+U8atvmMsSdKJprTcICAkvbBffT75qDocbuggBU0SJiVK2MuTrp0q+xvLkTnGMPK1+uA9A==",
			"funding": [
				{
					"type": "individual",
					"url": "https://gitcoin.co/grants/13/ethersjs-complete-simple-and-tiny-2"
				},
				{
					"type": "individual",
					"url": "https://www.buymeacoffee.com/ricmoo"
				}
			],
			"dependencies": {
				"@ethersproject/logger": "^5.7.0"
			}
		},
		"node_modules/@ethersproject/constants": {
			"version": "5.7.0",
			"resolved": "https://registry.npmjs.org/@ethersproject/constants/-/constants-5.7.0.tgz",
			"integrity": "sha512-DHI+y5dBNvkpYUMiRQyxRBYBefZkJfo70VUkUAsRjcPs47muV9evftfZ0PJVCXYbAiCgght0DtcF9srFQmIgWA==",
			"funding": [
				{
					"type": "individual",
					"url": "https://gitcoin.co/grants/13/ethersjs-complete-simple-and-tiny-2"
				},
				{
					"type": "individual",
					"url": "https://www.buymeacoffee.com/ricmoo"
				}
			],
			"dependencies": {
				"@ethersproject/bignumber": "^5.7.0"
			}
		},
		"node_modules/@ethersproject/hash": {
			"version": "5.7.0",
			"resolved": "https://registry.npmjs.org/@ethersproject/hash/-/hash-5.7.0.tgz",
			"integrity": "sha512-qX5WrQfnah1EFnO5zJv1v46a8HW0+E5xuBBDTwMFZLuVTx0tbU2kkx15NqdjxecrLGatQN9FGQKpb1FKdHCt+g==",
			"funding": [
				{
					"type": "individual",
					"url": "https://gitcoin.co/grants/13/ethersjs-complete-simple-and-tiny-2"
				},
				{
					"type": "individual",
					"url": "https://www.buymeacoffee.com/ricmoo"
				}
			],
			"dependencies": {
				"@ethersproject/abstract-signer": "^5.7.0",
				"@ethersproject/address": "^5.7.0",
				"@ethersproject/base64": "^5.7.0",
				"@ethersproject/bignumber": "^5.7.0",
				"@ethersproject/bytes": "^5.7.0",
				"@ethersproject/keccak256": "^5.7.0",
				"@ethersproject/logger": "^5.7.0",
				"@ethersproject/properties": "^5.7.0",
				"@ethersproject/strings": "^5.7.0"
			}
		},
		"node_modules/@ethersproject/hdnode": {
			"version": "5.7.0",
			"resolved": "https://registry.npmjs.org/@ethersproject/hdnode/-/hdnode-5.7.0.tgz",
			"integrity": "sha512-OmyYo9EENBPPf4ERhR7oj6uAtUAhYGqOnIS+jE5pTXvdKBS99ikzq1E7Iv0ZQZ5V36Lqx1qZLeak0Ra16qpeOg==",
			"funding": [
				{
					"type": "individual",
					"url": "https://gitcoin.co/grants/13/ethersjs-complete-simple-and-tiny-2"
				},
				{
					"type": "individual",
					"url": "https://www.buymeacoffee.com/ricmoo"
				}
			],
			"dependencies": {
				"@ethersproject/abstract-signer": "^5.7.0",
				"@ethersproject/basex": "^5.7.0",
				"@ethersproject/bignumber": "^5.7.0",
				"@ethersproject/bytes": "^5.7.0",
				"@ethersproject/logger": "^5.7.0",
				"@ethersproject/pbkdf2": "^5.7.0",
				"@ethersproject/properties": "^5.7.0",
				"@ethersproject/sha2": "^5.7.0",
				"@ethersproject/signing-key": "^5.7.0",
				"@ethersproject/strings": "^5.7.0",
				"@ethersproject/transactions": "^5.7.0",
				"@ethersproject/wordlists": "^5.7.0"
			}
		},
		"node_modules/@ethersproject/keccak256": {
			"version": "5.7.0",
			"resolved": "https://registry.npmjs.org/@ethersproject/keccak256/-/keccak256-5.7.0.tgz",
			"integrity": "sha512-2UcPboeL/iW+pSg6vZ6ydF8tCnv3Iu/8tUmLLzWWGzxWKFFqOBQFLo6uLUv6BDrLgCDfN28RJ/wtByx+jZ4KBg==",
			"funding": [
				{
					"type": "individual",
					"url": "https://gitcoin.co/grants/13/ethersjs-complete-simple-and-tiny-2"
				},
				{
					"type": "individual",
					"url": "https://www.buymeacoffee.com/ricmoo"
				}
			],
			"dependencies": {
				"@ethersproject/bytes": "^5.7.0",
				"js-sha3": "0.8.0"
			}
		},
		"node_modules/@ethersproject/logger": {
			"version": "5.7.0",
			"resolved": "https://registry.npmjs.org/@ethersproject/logger/-/logger-5.7.0.tgz",
			"integrity": "sha512-0odtFdXu/XHtjQXJYA3u9G0G8btm0ND5Cu8M7i5vhEcE8/HmF4Lbdqanwyv4uQTr2tx6b7fQRmgLrsnpQlmnig==",
			"funding": [
				{
					"type": "individual",
					"url": "https://gitcoin.co/grants/13/ethersjs-complete-simple-and-tiny-2"
				},
				{
					"type": "individual",
					"url": "https://www.buymeacoffee.com/ricmoo"
				}
			]
		},
		"node_modules/@ethersproject/networks": {
			"version": "5.7.1",
			"resolved": "https://registry.npmjs.org/@ethersproject/networks/-/networks-5.7.1.tgz",
			"integrity": "sha512-n/MufjFYv3yFcUyfhnXotyDlNdFb7onmkSy8aQERi2PjNcnWQ66xXxa3XlS8nCcA8aJKJjIIMNJTC7tu80GwpQ==",
			"funding": [
				{
					"type": "individual",
					"url": "https://gitcoin.co/grants/13/ethersjs-complete-simple-and-tiny-2"
				},
				{
					"type": "individual",
					"url": "https://www.buymeacoffee.com/ricmoo"
				}
			],
			"dependencies": {
				"@ethersproject/logger": "^5.7.0"
			}
		},
		"node_modules/@ethersproject/pbkdf2": {
			"version": "5.7.0",
			"resolved": "https://registry.npmjs.org/@ethersproject/pbkdf2/-/pbkdf2-5.7.0.tgz",
			"integrity": "sha512-oR/dBRZR6GTyaofd86DehG72hY6NpAjhabkhxgr3X2FpJtJuodEl2auADWBZfhDHgVCbu3/H/Ocq2uC6dpNjjw==",
			"funding": [
				{
					"type": "individual",
					"url": "https://gitcoin.co/grants/13/ethersjs-complete-simple-and-tiny-2"
				},
				{
					"type": "individual",
					"url": "https://www.buymeacoffee.com/ricmoo"
				}
			],
			"dependencies": {
				"@ethersproject/bytes": "^5.7.0",
				"@ethersproject/sha2": "^5.7.0"
			}
		},
		"node_modules/@ethersproject/properties": {
			"version": "5.7.0",
			"resolved": "https://registry.npmjs.org/@ethersproject/properties/-/properties-5.7.0.tgz",
			"integrity": "sha512-J87jy8suntrAkIZtecpxEPxY//szqr1mlBaYlQ0r4RCaiD2hjheqF9s1LVE8vVuJCXisjIP+JgtK/Do54ej4Sw==",
			"funding": [
				{
					"type": "individual",
					"url": "https://gitcoin.co/grants/13/ethersjs-complete-simple-and-tiny-2"
				},
				{
					"type": "individual",
					"url": "https://www.buymeacoffee.com/ricmoo"
				}
			],
			"dependencies": {
				"@ethersproject/logger": "^5.7.0"
			}
		},
		"node_modules/@ethersproject/rlp": {
			"version": "5.7.0",
			"resolved": "https://registry.npmjs.org/@ethersproject/rlp/-/rlp-5.7.0.tgz",
			"integrity": "sha512-rBxzX2vK8mVF7b0Tol44t5Tb8gomOHkj5guL+HhzQ1yBh/ydjGnpw6at+X6Iw0Kp3OzzzkcKp8N9r0W4kYSs9w==",
			"funding": [
				{
					"type": "individual",
					"url": "https://gitcoin.co/grants/13/ethersjs-complete-simple-and-tiny-2"
				},
				{
					"type": "individual",
					"url": "https://www.buymeacoffee.com/ricmoo"
				}
			],
			"dependencies": {
				"@ethersproject/bytes": "^5.7.0",
				"@ethersproject/logger": "^5.7.0"
			}
		},
		"node_modules/@ethersproject/sha2": {
			"version": "5.7.0",
			"resolved": "https://registry.npmjs.org/@ethersproject/sha2/-/sha2-5.7.0.tgz",
			"integrity": "sha512-gKlH42riwb3KYp0reLsFTokByAKoJdgFCwI+CCiX/k+Jm2mbNs6oOaCjYQSlI1+XBVejwH2KrmCbMAT/GnRDQw==",
			"funding": [
				{
					"type": "individual",
					"url": "https://gitcoin.co/grants/13/ethersjs-complete-simple-and-tiny-2"
				},
				{
					"type": "individual",
					"url": "https://www.buymeacoffee.com/ricmoo"
				}
			],
			"dependencies": {
				"@ethersproject/bytes": "^5.7.0",
				"@ethersproject/logger": "^5.7.0",
				"hash.js": "1.1.7"
			}
		},
		"node_modules/@ethersproject/signing-key": {
			"version": "5.7.0",
			"resolved": "https://registry.npmjs.org/@ethersproject/signing-key/-/signing-key-5.7.0.tgz",
			"integrity": "sha512-MZdy2nL3wO0u7gkB4nA/pEf8lu1TlFswPNmy8AiYkfKTdO6eXBJyUdmHO/ehm/htHw9K/qF8ujnTyUAD+Ry54Q==",
			"funding": [
				{
					"type": "individual",
					"url": "https://gitcoin.co/grants/13/ethersjs-complete-simple-and-tiny-2"
				},
				{
					"type": "individual",
					"url": "https://www.buymeacoffee.com/ricmoo"
				}
			],
			"dependencies": {
				"@ethersproject/bytes": "^5.7.0",
				"@ethersproject/logger": "^5.7.0",
				"@ethersproject/properties": "^5.7.0",
				"bn.js": "^5.2.1",
				"elliptic": "6.5.4",
				"hash.js": "1.1.7"
			}
		},
		"node_modules/@ethersproject/strings": {
			"version": "5.7.0",
			"resolved": "https://registry.npmjs.org/@ethersproject/strings/-/strings-5.7.0.tgz",
			"integrity": "sha512-/9nu+lj0YswRNSH0NXYqrh8775XNyEdUQAuf3f+SmOrnVewcJ5SBNAjF7lpgehKi4abvNNXyf+HX86czCdJ8Mg==",
			"funding": [
				{
					"type": "individual",
					"url": "https://gitcoin.co/grants/13/ethersjs-complete-simple-and-tiny-2"
				},
				{
					"type": "individual",
					"url": "https://www.buymeacoffee.com/ricmoo"
				}
			],
			"dependencies": {
				"@ethersproject/bytes": "^5.7.0",
				"@ethersproject/constants": "^5.7.0",
				"@ethersproject/logger": "^5.7.0"
			}
		},
		"node_modules/@ethersproject/transactions": {
			"version": "5.7.0",
			"resolved": "https://registry.npmjs.org/@ethersproject/transactions/-/transactions-5.7.0.tgz",
			"integrity": "sha512-kmcNicCp1lp8qanMTC3RIikGgoJ80ztTyvtsFvCYpSCfkjhD0jZ2LOrnbcuxuToLIUYYf+4XwD1rP+B/erDIhQ==",
			"funding": [
				{
					"type": "individual",
					"url": "https://gitcoin.co/grants/13/ethersjs-complete-simple-and-tiny-2"
				},
				{
					"type": "individual",
					"url": "https://www.buymeacoffee.com/ricmoo"
				}
			],
			"dependencies": {
				"@ethersproject/address": "^5.7.0",
				"@ethersproject/bignumber": "^5.7.0",
				"@ethersproject/bytes": "^5.7.0",
				"@ethersproject/constants": "^5.7.0",
				"@ethersproject/keccak256": "^5.7.0",
				"@ethersproject/logger": "^5.7.0",
				"@ethersproject/properties": "^5.7.0",
				"@ethersproject/rlp": "^5.7.0",
				"@ethersproject/signing-key": "^5.7.0"
			}
		},
		"node_modules/@ethersproject/web": {
			"version": "5.7.1",
			"resolved": "https://registry.npmjs.org/@ethersproject/web/-/web-5.7.1.tgz",
			"integrity": "sha512-Gueu8lSvyjBWL4cYsWsjh6MtMwM0+H4HvqFPZfB6dV8ctbP9zFAO73VG1cMWae0FLPCtz0peKPpZY8/ugJJX2w==",
			"funding": [
				{
					"type": "individual",
					"url": "https://gitcoin.co/grants/13/ethersjs-complete-simple-and-tiny-2"
				},
				{
					"type": "individual",
					"url": "https://www.buymeacoffee.com/ricmoo"
				}
			],
			"dependencies": {
				"@ethersproject/base64": "^5.7.0",
				"@ethersproject/bytes": "^5.7.0",
				"@ethersproject/logger": "^5.7.0",
				"@ethersproject/properties": "^5.7.0",
				"@ethersproject/strings": "^5.7.0"
			}
		},
		"node_modules/@ethersproject/wordlists": {
			"version": "5.7.0",
			"resolved": "https://registry.npmjs.org/@ethersproject/wordlists/-/wordlists-5.7.0.tgz",
			"integrity": "sha512-S2TFNJNfHWVHNE6cNDjbVlZ6MgE17MIxMbMg2zv3wn+3XSJGosL1m9ZVv3GXCf/2ymSsQ+hRI5IzoMJTG6aoVA==",
			"funding": [
				{
					"type": "individual",
					"url": "https://gitcoin.co/grants/13/ethersjs-complete-simple-and-tiny-2"
				},
				{
					"type": "individual",
					"url": "https://www.buymeacoffee.com/ricmoo"
				}
			],
			"dependencies": {
				"@ethersproject/bytes": "^5.7.0",
				"@ethersproject/hash": "^5.7.0",
				"@ethersproject/logger": "^5.7.0",
				"@ethersproject/properties": "^5.7.0",
				"@ethersproject/strings": "^5.7.0"
			}
		},
		"node_modules/@jridgewell/gen-mapping": {
			"version": "0.3.5",
			"resolved": "https://registry.npmjs.org/@jridgewell/gen-mapping/-/gen-mapping-0.3.5.tgz",
			"integrity": "sha512-IzL8ZoEDIBRWEzlCcRhOaCupYyN5gdIK+Q6fbFdPDg6HqX6jpkItn7DFIpW9LQzXG6Df9sA7+OKnq0qlz/GaQg==",
			"dev": true,
			"dependencies": {
				"@jridgewell/set-array": "^1.2.1",
				"@jridgewell/sourcemap-codec": "^1.4.10",
				"@jridgewell/trace-mapping": "^0.3.24"
			},
			"engines": {
				"node": ">=6.0.0"
			}
		},
		"node_modules/@jridgewell/resolve-uri": {
			"version": "3.1.2",
			"resolved": "https://registry.npmjs.org/@jridgewell/resolve-uri/-/resolve-uri-3.1.2.tgz",
			"integrity": "sha512-bRISgCIjP20/tbWSPWMEi54QVPRZExkuD9lJL+UIxUKtwVJA8wW1Trb1jMs1RFXo1CBTNZ/5hpC9QvmKWdopKw==",
			"dev": true,
			"engines": {
				"node": ">=6.0.0"
			}
		},
		"node_modules/@jridgewell/set-array": {
			"version": "1.2.1",
			"resolved": "https://registry.npmjs.org/@jridgewell/set-array/-/set-array-1.2.1.tgz",
			"integrity": "sha512-R8gLRTZeyp03ymzP/6Lil/28tGeGEzhx1q2k703KGWRAI1VdvPIXdG70VJc2pAMw3NA6JKL5hhFu1sJX0Mnn/A==",
			"dev": true,
			"engines": {
				"node": ">=6.0.0"
			}
		},
		"node_modules/@jridgewell/source-map": {
			"version": "0.3.6",
			"resolved": "https://registry.npmjs.org/@jridgewell/source-map/-/source-map-0.3.6.tgz",
			"integrity": "sha512-1ZJTZebgqllO79ue2bm3rIGud/bOe0pP5BjSRCRxxYkEZS8STV7zN84UBbiYu7jy+eCKSnVIUgoWWE/tt+shMQ==",
			"dev": true,
			"dependencies": {
				"@jridgewell/gen-mapping": "^0.3.5",
				"@jridgewell/trace-mapping": "^0.3.25"
			}
		},
		"node_modules/@jridgewell/sourcemap-codec": {
			"version": "1.5.0",
			"resolved": "https://registry.npmjs.org/@jridgewell/sourcemap-codec/-/sourcemap-codec-1.5.0.tgz",
			"integrity": "sha512-gv3ZRaISU3fjPAgNsriBRqGWQL6quFx04YMPW/zD8XMLsU32mhCCbfbO6KZFLjvYpCZ8zyDEgqsgf+PwPaM7GQ==",
			"dev": true
		},
		"node_modules/@jridgewell/trace-mapping": {
			"version": "0.3.25",
			"resolved": "https://registry.npmjs.org/@jridgewell/trace-mapping/-/trace-mapping-0.3.25.tgz",
			"integrity": "sha512-vNk6aEwybGtawWmy/PzwnGDOjCkLWSD2wqvjGGAgOAwCGWySYXfYoxt00IJkTF+8Lb57DwOb3Aa0o9CApepiYQ==",
			"dev": true,
			"dependencies": {
				"@jridgewell/resolve-uri": "^3.1.0",
				"@jridgewell/sourcemap-codec": "^1.4.14"
			}
		},
		"node_modules/@noble/curves": {
			"version": "1.2.0",
			"resolved": "https://registry.npmjs.org/@noble/curves/-/curves-1.2.0.tgz",
			"integrity": "sha512-oYclrNgRaM9SsBUBVbb8M6DTV7ZHRTKugureoYEncY5c65HOmRzvSiTE3y5CYaPYJA/GVkrhXEoF0M3Ya9PMnw==",
			"dependencies": {
				"@noble/hashes": "1.3.2"
			},
			"funding": {
				"url": "https://paulmillr.com/funding/"
			}
		},
		"node_modules/@noble/hashes": {
			"version": "1.3.2",
			"resolved": "https://registry.npmjs.org/@noble/hashes/-/hashes-1.3.2.tgz",
			"integrity": "sha512-MVC8EAQp7MvEcm30KWENFjgR+Mkmf+D189XJTkFIlwohU5hcBbn1ZkKq7KVTi2Hme3PMGF390DaL52beVrIihQ==",
			"engines": {
				"node": ">= 16"
			},
			"funding": {
				"url": "https://paulmillr.com/funding/"
			}
		},
		"node_modules/@rollup/plugin-alias": {
			"version": "5.1.1",
			"resolved": "https://registry.npmjs.org/@rollup/plugin-alias/-/plugin-alias-5.1.1.tgz",
			"integrity": "sha512-PR9zDb+rOzkRb2VD+EuKB7UC41vU5DIwZ5qqCpk0KJudcWAyi8rvYOhS7+L5aZCspw1stTViLgN5v6FF1p5cgQ==",
			"dev": true,
			"engines": {
				"node": ">=14.0.0"
			},
			"peerDependencies": {
				"rollup": "^1.20.0||^2.0.0||^3.0.0||^4.0.0"
			},
			"peerDependenciesMeta": {
				"rollup": {
					"optional": true
				}
			}
		},
		"node_modules/@rollup/plugin-terser": {
			"version": "0.4.4",
			"resolved": "https://registry.npmjs.org/@rollup/plugin-terser/-/plugin-terser-0.4.4.tgz",
			"integrity": "sha512-XHeJC5Bgvs8LfukDwWZp7yeqin6ns8RTl2B9avbejt6tZqsqvVoWI7ZTQrcNsfKEDWBTnTxM8nMDkO2IFFbd0A==",
			"dev": true,
			"dependencies": {
				"serialize-javascript": "^6.0.1",
				"smob": "^1.0.0",
				"terser": "^5.17.4"
			},
			"engines": {
				"node": ">=14.0.0"
			},
			"peerDependencies": {
				"rollup": "^2.0.0||^3.0.0||^4.0.0"
			},
			"peerDependenciesMeta": {
				"rollup": {
					"optional": true
				}
			}
		},
		"node_modules/@types/node": {
			"version": "22.7.5",
			"resolved": "https://registry.npmjs.org/@types/node/-/node-22.7.5.tgz",
			"integrity": "sha512-jML7s2NAzMWc//QSJ1a3prpk78cOPchGvXJsC3C6R6PSMoooztvRVQEz89gmBTBY1SPMaqo5teB4uNHPdetShQ==",
			"dependencies": {
				"undici-types": "~6.19.2"
			}
		},
		"node_modules/acorn": {
			"version": "8.12.1",
			"resolved": "https://registry.npmjs.org/acorn/-/acorn-8.12.1.tgz",
			"integrity": "sha512-tcpGyI9zbizT9JbV6oYE477V6mTlXvvi0T0G3SNIYE2apm/G5huBa1+K89VGeovbg+jycCrfhl3ADxErOuO6Jg==",
			"dev": true,
			"bin": {
				"acorn": "bin/acorn"
			},
			"engines": {
				"node": ">=0.4.0"
			}
		},
		"node_modules/aes-js": {
			"version": "4.0.0-beta.5",
			"resolved": "https://registry.npmjs.org/aes-js/-/aes-js-4.0.0-beta.5.tgz",
			"integrity": "sha512-G965FqalsNyrPqgEGON7nIx1e/OVENSgiEIzyC63haUMuvNnwIgIjMs52hlTCKhkBny7A2ORNlfY9Zu+jmGk1Q=="
		},
		"node_modules/bn.js": {
			"version": "5.2.1",
			"resolved": "https://registry.npmjs.org/bn.js/-/bn.js-5.2.1.tgz",
			"integrity": "sha512-eXRvHzWyYPBuB4NBy0cmYQjGitUrtqwbvlzP3G6VFnNRbsZQIxQ10PbKKHt8gZ/HW/D/747aDl+QkDqg3KQLMQ=="
		},
		"node_modules/brorand": {
			"version": "1.1.0",
			"resolved": "https://registry.npmjs.org/brorand/-/brorand-1.1.0.tgz",
			"integrity": "sha512-cKV8tMCEpQs4hK/ik71d6LrPOnpkpGBR0wzxqr68g2m/LB2GxVYQroAjMJZRVM1Y4BCjCKc3vAamxSzOY2RP+w=="
		},
		"node_modules/buffer-from": {
			"version": "1.1.2",
			"resolved": "https://registry.npmjs.org/buffer-from/-/buffer-from-1.1.2.tgz",
			"integrity": "sha512-E+XQCRwSbaaiChtv6k6Dwgc+bx+Bs6vuKJHHl5kox/BaKbhiXzqQOwK4cO22yElGp2OCmjwVhT3HmxgyPGnJfQ==",
			"dev": true
		},
		"node_modules/commander": {
			"version": "2.20.3",
			"resolved": "https://registry.npmjs.org/commander/-/commander-2.20.3.tgz",
			"integrity": "sha512-GpVkmM8vF2vQUkj2LvZmD35JxeJOLCwJ9cUkugyk2nuhbv3+mJvpLYYt+0+USMxE+oj+ey/lJEnhZw75x/OMcQ==",
			"dev": true
		},
		"node_modules/dotenv": {
			"version": "16.4.5",
			"resolved": "https://registry.npmjs.org/dotenv/-/dotenv-16.4.5.tgz",
			"integrity": "sha512-ZmdL2rui+eB2YwhsWzjInR8LldtZHGDoQ1ugH85ppHKwpUHL7j7rN0Ti9NCnGiQbhaZ11FpR+7ao1dNsmduNUg==",
			"engines": {
				"node": ">=12"
			},
			"funding": {
				"url": "https://dotenvx.com"
			}
		},
		"node_modules/elliptic": {
			"version": "6.5.4",
			"resolved": "https://registry.npmjs.org/elliptic/-/elliptic-6.5.4.tgz",
			"integrity": "sha512-iLhC6ULemrljPZb+QutR5TQGB+pdW6KGD5RSegS+8sorOZT+rdQFbsQFJgvN3eRqNALqJer4oQ16YvJHlU8hzQ==",
			"dependencies": {
				"bn.js": "^4.11.9",
				"brorand": "^1.1.0",
				"hash.js": "^1.0.0",
				"hmac-drbg": "^1.0.1",
				"inherits": "^2.0.4",
				"minimalistic-assert": "^1.0.1",
				"minimalistic-crypto-utils": "^1.0.1"
			}
		},
		"node_modules/elliptic/node_modules/bn.js": {
			"version": "4.12.0",
			"resolved": "https://registry.npmjs.org/bn.js/-/bn.js-4.12.0.tgz",
			"integrity": "sha512-c98Bf3tPniI+scsdk237ku1Dc3ujXQTSgyiPUDEOe7tRkhrqridvh8klBv0HCEso1OLOYcHuCv/cS6DNxKH+ZA=="
		},
		"node_modules/ethers": {
			"version": "6.13.4",
			"resolved": "https://registry.npmjs.org/ethers/-/ethers-6.13.4.tgz",
			"integrity": "sha512-21YtnZVg4/zKkCQPjrDj38B1r4nQvTZLopUGMLQ1ePU2zV/joCfDC3t3iKQjWRzjjjbzR+mdAIoikeBRNkdllA==",
			"funding": [
				{
					"type": "individual",
					"url": "https://github.com/sponsors/ethers-io/"
				},
				{
					"type": "individual",
					"url": "https://www.buymeacoffee.com/ricmoo"
				}
			],
			"dependencies": {
				"@adraffy/ens-normalize": "1.10.1",
				"@noble/curves": "1.2.0",
				"@noble/hashes": "1.3.2",
				"@types/node": "22.7.5",
				"aes-js": "4.0.0-beta.5",
				"tslib": "2.7.0",
				"ws": "8.17.1"
			},
			"engines": {
				"node": ">=14.0.0"
			}
		},
		"node_modules/fsevents": {
			"version": "2.3.3",
			"resolved": "https://registry.npmjs.org/fsevents/-/fsevents-2.3.3.tgz",
			"integrity": "sha512-5xoDfX+fL7faATnagmWPpbFtwh/R77WmMMqqHGS65C3vvB0YHrgF+B1YmZ3441tMj5n63k0212XNoJwzlhffQw==",
			"dev": true,
			"hasInstallScript": true,
			"optional": true,
			"os": [
				"darwin"
			],
			"engines": {
				"node": "^8.16.0 || ^10.6.0 || >=11.0.0"
			}
		},
		"node_modules/hash.js": {
			"version": "1.1.7",
			"resolved": "https://registry.npmjs.org/hash.js/-/hash.js-1.1.7.tgz",
			"integrity": "sha512-taOaskGt4z4SOANNseOviYDvjEJinIkRgmp7LbKP2YTTmVxWBl87s/uzK9r+44BclBSp2X7K1hqeNfz9JbBeXA==",
			"dependencies": {
				"inherits": "^2.0.3",
				"minimalistic-assert": "^1.0.1"
			}
		},
		"node_modules/hmac-drbg": {
			"version": "1.0.1",
			"resolved": "https://registry.npmjs.org/hmac-drbg/-/hmac-drbg-1.0.1.tgz",
			"integrity": "sha512-Tti3gMqLdZfhOQY1Mzf/AanLiqh1WTiJgEj26ZuYQ9fbkLomzGchCws4FyrSd4VkpBfiNhaE1On+lOz894jvXg==",
			"dependencies": {
				"hash.js": "^1.0.3",
				"minimalistic-assert": "^1.0.0",
				"minimalistic-crypto-utils": "^1.0.1"
			}
		},
		"node_modules/inherits": {
			"version": "2.0.4",
			"resolved": "https://registry.npmjs.org/inherits/-/inherits-2.0.4.tgz",
			"integrity": "sha512-k/vGaX4/Yla3WzyMCvTQOXYeIHvqOKtnqBduzTHpzpQZzAskKMhZ2K+EnBiSM9zGSoIFeMpXKxa4dYeZIQqewQ=="
		},
		"node_modules/js-sha3": {
			"version": "0.8.0",
			"resolved": "https://registry.npmjs.org/js-sha3/-/js-sha3-0.8.0.tgz",
			"integrity": "sha512-gF1cRrHhIzNfToc802P800N8PpXS+evLLXfsVpowqmAFR9uwbi89WvXg2QspOmXL8QL86J4T1EpFu+yUkwJY3Q=="
		},
		"node_modules/minimalistic-assert": {
			"version": "1.0.1",
			"resolved": "https://registry.npmjs.org/minimalistic-assert/-/minimalistic-assert-1.0.1.tgz",
			"integrity": "sha512-UtJcAD4yEaGtjPezWuO9wC4nwUnVH/8/Im3yEHQP4b67cXlD/Qr9hdITCU1xDbSEXg2XKNaP8jsReV7vQd00/A=="
		},
		"node_modules/minimalistic-crypto-utils": {
			"version": "1.0.1",
			"resolved": "https://registry.npmjs.org/minimalistic-crypto-utils/-/minimalistic-crypto-utils-1.0.1.tgz",
			"integrity": "sha512-JIYlbt6g8i5jKfJ3xz7rF0LXmv2TkDxBLUkiBeZ7bAx4GnnNMr8xFpGnOxn6GhTEHx3SjRrZEoU+j04prX1ktg=="
		},
		"node_modules/randombytes": {
			"version": "2.1.0",
			"resolved": "https://registry.npmjs.org/randombytes/-/randombytes-2.1.0.tgz",
			"integrity": "sha512-vYl3iOX+4CKUWuxGi9Ukhie6fsqXqS9FE2Zaic4tNFD2N2QQaXOMFbuKK4QmDHC0JO6B1Zp41J0LpT0oR68amQ==",
			"dev": true,
			"dependencies": {
				"safe-buffer": "^5.1.0"
			}
		},
		"node_modules/rollup": {
			"version": "3.29.5",
			"resolved": "https://registry.npmjs.org/rollup/-/rollup-3.29.5.tgz",
			"integrity": "sha512-GVsDdsbJzzy4S/v3dqWPJ7EfvZJfCHiDqe80IyrF59LYuP+e6U1LJoUqeuqRbwAWoMNoXivMNeNAOf5E22VA1w==",
			"dev": true,
			"bin": {
				"rollup": "dist/bin/rollup"
			},
			"engines": {
				"node": ">=14.18.0",
				"npm": ">=8.0.0"
			},
			"optionalDependencies": {
				"fsevents": "~2.3.2"
			}
		},
		"node_modules/safe-buffer": {
			"version": "5.2.1",
			"resolved": "https://registry.npmjs.org/safe-buffer/-/safe-buffer-5.2.1.tgz",
			"integrity": "sha512-rp3So07KcdmmKbGvgaNxQSJr7bGVSVk5S9Eq1F+ppbRo70+YeaDxkw5Dd8NPN+GD6bjnYm2VuPuCXmpuYvmCXQ==",
			"dev": true,
			"funding": [
				{
					"type": "github",
					"url": "https://github.com/sponsors/feross"
				},
				{
					"type": "patreon",
					"url": "https://www.patreon.com/feross"
				},
				{
					"type": "consulting",
					"url": "https://feross.org/support"
				}
			]
		},
		"node_modules/serialize-javascript": {
			"version": "6.0.2",
			"resolved": "https://registry.npmjs.org/serialize-javascript/-/serialize-javascript-6.0.2.tgz",
			"integrity": "sha512-Saa1xPByTTq2gdeFZYLLo+RFE35NHZkAbqZeWNd3BpzppeVisAqpDjcp8dyf6uIvEqJRd46jemmyA4iFIeVk8g==",
			"dev": true,
			"dependencies": {
				"randombytes": "^2.1.0"
			}
		},
		"node_modules/smob": {
			"version": "1.5.0",
			"resolved": "https://registry.npmjs.org/smob/-/smob-1.5.0.tgz",
			"integrity": "sha512-g6T+p7QO8npa+/hNx9ohv1E5pVCmWrVCUzUXJyLdMmftX6ER0oiWY/w9knEonLpnOp6b6FenKnMfR8gqwWdwig==",
			"dev": true
		},
		"node_modules/source-map": {
			"version": "0.6.1",
			"resolved": "https://registry.npmjs.org/source-map/-/source-map-0.6.1.tgz",
			"integrity": "sha512-UjgapumWlbMhkBgzT7Ykc5YXUT46F0iKu8SGXq0bcwP5dz/h0Plj6enJqjz1Zbq2l5WaqYnrVbwWOWMyF3F47g==",
			"dev": true,
			"engines": {
				"node": ">=0.10.0"
			}
		},
		"node_modules/source-map-support": {
			"version": "0.5.21",
			"resolved": "https://registry.npmjs.org/source-map-support/-/source-map-support-0.5.21.tgz",
			"integrity": "sha512-uBHU3L3czsIyYXKX88fdrGovxdSCoTGDRZ6SYXtSRxLZUzHg5P/66Ht6uoUlHu9EZod+inXhKo3qQgwXUT/y1w==",
			"dev": true,
			"dependencies": {
				"buffer-from": "^1.0.0",
				"source-map": "^0.6.0"
			}
		},
		"node_modules/terser": {
			"version": "5.34.1",
			"resolved": "https://registry.npmjs.org/terser/-/terser-5.34.1.tgz",
			"integrity": "sha512-FsJZ7iZLd/BXkz+4xrRTGJ26o/6VTjQytUk8b8OxkwcD2I+79VPJlz7qss1+zE7h8GNIScFqXcDyJ/KqBYZFVA==",
			"dev": true,
			"dependencies": {
				"@jridgewell/source-map": "^0.3.3",
				"acorn": "^8.8.2",
				"commander": "^2.20.0",
				"source-map-support": "~0.5.20"
			},
			"bin": {
				"terser": "bin/terser"
			},
			"engines": {
				"node": ">=10"
			}
		},
		"node_modules/tslib": {
			"version": "2.7.0",
			"resolved": "https://registry.npmjs.org/tslib/-/tslib-2.7.0.tgz",
			"integrity": "sha512-gLXCKdN1/j47AiHiOkJN69hJmcbGTHI0ImLmbYLHykhgeN0jVGola9yVjFgzCUklsZQMW55o+dW7IXv3RCXDzA=="
		},
		"node_modules/undici-types": {
			"version": "6.19.8",
			"resolved": "https://registry.npmjs.org/undici-types/-/undici-types-6.19.8.tgz",
			"integrity": "sha512-ve2KP6f/JnbPBFyobGHuerC9g1FYGn/F8n1LWTwNxCEzd6IfqTwUQcNXgEtmmQ6DlRrC1hrSrBnCZPokRrDHjw=="
		},
		"node_modules/ws": {
			"version": "8.17.1",
			"resolved": "https://registry.npmjs.org/ws/-/ws-8.17.1.tgz",
			"integrity": "sha512-6XQFvXTkbfUOZOKKILFG1PDK2NDQs4azKQl26T0YS5CxqWLgXajbPZ+h4gZekJyRqFU8pvnbAbbs/3TgRPy+GQ==",
			"engines": {
				"node": ">=10.0.0"
			},
			"peerDependencies": {
				"bufferutil": "^4.0.1",
				"utf-8-validate": ">=5.0.2"
			},
			"peerDependenciesMeta": {
				"bufferutil": {
					"optional": true
				},
				"utf-8-validate": {
					"optional": true
				}
			}
		}
	}
}
